<?xml version="1.0" encoding="utf-8"?>
<Project ToolsVersion="4.0" xmlns="http://schemas.microsoft.com/developer/msbuild/2003">
  <ItemGroup>
    <ClCompile Include="GeneratedFiles\Debug\moc_KSJSCZDemoMainWindow.cpp" />
    <ClCompile Include="GeneratedFiles\Release\moc_KSJSCZDemoMainWindow.cpp" />
    <ClCompile Include="KSJSCZDemoMainWindow.cpp" />
    <ClCompile Include="main.cpp" />
    <ClCompile Include="KSJImageAoi.cpp" />
    <ClCompile Include="KSJImageHistgram.cpp" />
    <ClCompile Include="KSJImageThreshold.cpp" />
  </ItemGroup>
  <ItemGroup>
    <ClInclude Include="GeneratedFiles\ui_KSJSCZDemoMainWindow.h" />
    <ClInclude Include="KSJImageAoi.h" />
    <ClInclude Include="KSJImageHistgram.h" />
    <ClInclude Include="KSJImageThreshold.h" />
  </ItemGroup>
  <ItemGroup>
    <CustomBuild Include="KSJSCZDemoMainWindow.h" />
    <CustomBuild Include="KSJSCZDemoMainWindow.ui" />
    <CustomBuild Include="GeneratedFiles\Debug\KSJSCZDemoMainWindow.moc">
      <Filter>Generated Files\Debug</Filter>
    </CustomBuild>
  </ItemGroup>
  <ItemGroup>
    <Filter Include="Source Files">
      <UniqueIdentifier>{4FC737F1-C7A5-4376-A066-2A32D752A2FF}</UniqueIdentifier>
      <Extensions>cpp;cxx;c;def</Extensions>
      <ParseFiles>true</ParseFiles>
    </Filter>
    <Filter Include="Header Files">
      <UniqueIdentifier>{93995380-89BD-4b04-88EB-625FBE52EBFB}</UniqueIdentifier>
      <Extensions>h</Extensions>
      <ParseFiles>true</ParseFiles>
    </Filter>
    <Filter Include="Generated Files">
      <UniqueIdentifier>{71ED8ED8-ACB9-4CE9-BBE1-E00B30144E11}</UniqueIdentifier>
      <Extensions>moc;h;cpp</Extensions>
      <ParseFiles>true</ParseFiles>
    </Filter>
    <Filter Include="Generated Files\Debug">
      <UniqueIdentifier>{2b72fe4f-6221-4325-8805-15fdef207efb}</UniqueIdentifier>
      <Extensions>cpp;moc</Extensions>
      <SourceControlFiles>False</SourceControlFiles>
    </Filter>
  </ItemGroup>
</Project>